github.com/letanthang/demo_golang v0.0.0-20191123074639-7f0792fbea07 h1:G5kFPDcDNUGh0MTwQMf0SJI88XubqBH+Weq9MA5nY88=
github.com/letanthang/demo_golang v0.0.0-20191123085942-57823b876ac9 h1:Ko3e/RKBys/Gzin4Y3g1vFrH5mlwdhskOk8/juL4U+c=
github.com/letanthang/demo_golang v0.0.0-20191123085942-57823b876ac9/go.mod h1:CPHfNiS383lxCyKO2Yz9wbZ4e4y7PbYC4E1Ev8YcrcA=
